{
  "name": "sos",
  "version": "1.0.0",
  "lockfileVersion": 3,
  "requires": true,
  "packages": {
    "": {
      "name": "sos",
      "version": "1.0.0",
      "license": "ISC",
      "dependencies": {
        "@tommyvez/passfort": "^1.0.1"
      }
    },
    "node_modules/@tommyvez/passfort": {
      "version": "1.0.1",
      "resolved": "https://registry.npmjs.org/@tommyvez/passfort/-/passfort-1.0.1.tgz",
      "integrity": "sha512-yYWi3mm8KOyXOGYyNh3oF0XW2vIT37i00yFAFPeFhFM9Epwy8+AcwwAeon5DMayoPGvGTbYeOYcogOcBoI+F1Q==",
      "license": "MIT",
      "bin": {
        "passfort": "dist/cli.js"
      },
      "engines": {
        "node": ">=20"
      },
      "peerDependencies": {
        "next": ">=14.0.0"
      },
      "peerDependenciesMeta": {
        "next": {
          "optional": true
        }
      }
    }
  }
}
